
Microsoft Visual Studio Solution File, Format Version 12.00
# Visual Studio 15
VisualStudioVersion = 15.0.27004.2010
MinimumVisualStudioVersion = 10.0.40219.1
Project("{888888A0-9F3D-457C-B088-3A5042F75D52}") = "DevilYuan", "DevilYuan.pyproj", "{1FD641C0-E2DF-4A50-B5B2-91880B64BA01}"
EndProject
Global
	GlobalSection(SolutionConfigurationPlatforms) = preSolution
		Debug|Any CPU = Debug|Any CPU
		Release|Any CPU = Release|Any CPU
	EndGlobalSection
	GlobalSection(ProjectConfigurationPlatforms) = postSolution
		{1FD641C0-E2DF-4A50-B5B2-91880B64BA01}.Debug|Any CPU.ActiveCfg = Debug|Any CPU
		{1FD641C0-E2DF-4A50-B5B2-91880B64BA01}.Release|Any CPU.ActiveCfg = Release|Any CPU
	EndGlobalSection
	GlobalSection(SolutionProperties) = preSolution
		HideSolutionNode = FALSE
	EndGlobalSection
	GlobalSection(ExtensibilityGlobals) = postSolution
		SolutionGuid = {86A1D936-F0E4-4C38-932B-D5C90E93CF8A}
	EndGlobalSection
EndGlobal
